
Microsoft Visual Studio Solution File, Format Version 12.00
# Visual Studio 15
VisualStudioVersion = 15.0.28307.106
MinimumVisualStudioVersion = 10.0.40219.1
Project("{FAE04EC0-301F-11D3-BF4B-00C04F79EFBC}") = "ComboboxDoldurma", "ComboboxDoldurma\ComboboxDoldurma.csproj", "{255C01A2-5701-44E5-A18C-9095C8E80676}"
EndProject
Global
	GlobalSection(SolutionConfigurationPlatforms) = preSolution
		Debug|Any CPU = Debug|Any CPU
		Release|Any CPU = Release|Any CPU
	EndGlobalSection
	GlobalSection(ProjectConfigurationPlatforms) = postSolution
		{255C01A2-5701-44E5-A18C-9095C8E80676}.Debug|Any CPU.ActiveCfg = Debug|Any CPU
		{255C01A2-5701-44E5-A18C-9095C8E80676}.Debug|Any CPU.Build.0 = Debug|Any CPU
		{255C01A2-5701-44E5-A18C-9095C8E80676}.Release|Any CPU.ActiveCfg = Release|Any CPU
		{255C01A2-5701-44E5-A18C-9095C8E80676}.Release|Any CPU.Build.0 = Release|Any CPU
	EndGlobalSection
	GlobalSection(SolutionProperties) = preSolution
		HideSolutionNode = FALSE
	EndGlobalSection
	GlobalSection(ExtensibilityGlobals) = postSolution
		SolutionGuid = {51E3681F-2031-4C35-9040-E90ECFDC3A90}
	EndGlobalSection
EndGlobal
